
Microsoft Visual Studio Solution File, Format Version 12.00
# Visual Studio Version 16
VisualStudioVersion = 16.0.29519.87
MinimumVisualStudioVersion = 10.0.40219.1
Project("{FAE04EC0-301F-11D3-BF4B-00C04F79EFBC}") = "TaxCalc", "TaxCalc\TaxCalc.csproj", "{7FDD8ADD-34A8-4B4C-82E4-5782FBD233A1}"
EndProject
Global
	GlobalSection(SolutionConfigurationPlatforms) = preSolution
		Debug|Any CPU = Debug|Any CPU
		Release|Any CPU = Release|Any CPU
	EndGlobalSection
	GlobalSection(ProjectConfigurationPlatforms) = postSolution
		{7FDD8ADD-34A8-4B4C-82E4-5782FBD233A1}.Debug|Any CPU.ActiveCfg = Debug|Any CPU
		{7FDD8ADD-34A8-4B4C-82E4-5782FBD233A1}.Debug|Any CPU.Build.0 = Debug|Any CPU
		{7FDD8ADD-34A8-4B4C-82E4-5782FBD233A1}.Release|Any CPU.ActiveCfg = Release|Any CPU
		{7FDD8ADD-34A8-4B4C-82E4-5782FBD233A1}.Release|Any CPU.Build.0 = Release|Any CPU
	EndGlobalSection
	GlobalSection(SolutionProperties) = preSolution
		HideSolutionNode = FALSE
	EndGlobalSection
	GlobalSection(ExtensibilityGlobals) = postSolution
		SolutionGuid = {33670CA1-3405-48AA-81B7-B523EE459B84}
	EndGlobalSection
EndGlobal
