
Microsoft Visual Studio Solution File, Format Version 12.00
# Visual Studio Version 16
VisualStudioVersion = 16.0.29709.97
MinimumVisualStudioVersion = 10.0.40219.1
Project("{FAE04EC0-301F-11D3-BF4B-00C04F79EFBC}") = "LINDClass", "LINDClass\LINDClass.csproj", "{8214B2CC-9283-43D0-BE7C-93F9A3FDFA4C}"
EndProject
Global
	GlobalSection(SolutionConfigurationPlatforms) = preSolution
		Debug|Any CPU = Debug|Any CPU
		Release|Any CPU = Release|Any CPU
	EndGlobalSection
	GlobalSection(ProjectConfigurationPlatforms) = postSolution
		{8214B2CC-9283-43D0-BE7C-93F9A3FDFA4C}.Debug|Any CPU.ActiveCfg = Debug|Any CPU
		{8214B2CC-9283-43D0-BE7C-93F9A3FDFA4C}.Debug|Any CPU.Build.0 = Debug|Any CPU
		{8214B2CC-9283-43D0-BE7C-93F9A3FDFA4C}.Release|Any CPU.ActiveCfg = Release|Any CPU
		{8214B2CC-9283-43D0-BE7C-93F9A3FDFA4C}.Release|Any CPU.Build.0 = Release|Any CPU
	EndGlobalSection
	GlobalSection(SolutionProperties) = preSolution
		HideSolutionNode = FALSE
	EndGlobalSection
	GlobalSection(ExtensibilityGlobals) = postSolution
		SolutionGuid = {0AACB32C-8325-4B16-AD45-43E512D9B0DD}
	EndGlobalSection
EndGlobal
