
Microsoft Visual Studio Solution File, Format Version 12.00
# Visual Studio Version 16
VisualStudioVersion = 16.0.29709.97
MinimumVisualStudioVersion = 10.0.40219.1
Project("{FAE04EC0-301F-11D3-BF4B-00C04F79EFBC}") = "ProductSearch", "ProductSearch\ProductSearch.csproj", "{7C604369-A9CF-48A3-9728-2E641994D1B1}"
EndProject
Global
	GlobalSection(SolutionConfigurationPlatforms) = preSolution
		Debug|Any CPU = Debug|Any CPU
		Release|Any CPU = Release|Any CPU
	EndGlobalSection
	GlobalSection(ProjectConfigurationPlatforms) = postSolution
		{7C604369-A9CF-48A3-9728-2E641994D1B1}.Debug|Any CPU.ActiveCfg = Debug|Any CPU
		{7C604369-A9CF-48A3-9728-2E641994D1B1}.Debug|Any CPU.Build.0 = Debug|Any CPU
		{7C604369-A9CF-48A3-9728-2E641994D1B1}.Release|Any CPU.ActiveCfg = Release|Any CPU
		{7C604369-A9CF-48A3-9728-2E641994D1B1}.Release|Any CPU.Build.0 = Release|Any CPU
	EndGlobalSection
	GlobalSection(SolutionProperties) = preSolution
		HideSolutionNode = FALSE
	EndGlobalSection
	GlobalSection(ExtensibilityGlobals) = postSolution
		SolutionGuid = {6AD2F454-1E09-42C6-9545-D5D50A62E165}
	EndGlobalSection
EndGlobal
