
Microsoft Visual Studio Solution File, Format Version 12.00
# Visual Studio Version 16
VisualStudioVersion = 16.0.29709.97
MinimumVisualStudioVersion = 10.0.40219.1
Project("{FAE04EC0-301F-11D3-BF4B-00C04F79EFBC}") = "LinqDemo", "LinqDemo\LinqDemo.csproj", "{C2FCD335-1112-4D21-BFD0-57D63B49A315}"
EndProject
Global
	GlobalSection(SolutionConfigurationPlatforms) = preSolution
		Debug|Any CPU = Debug|Any CPU
		Release|Any CPU = Release|Any CPU
	EndGlobalSection
	GlobalSection(ProjectConfigurationPlatforms) = postSolution
		{C2FCD335-1112-4D21-BFD0-57D63B49A315}.Debug|Any CPU.ActiveCfg = Debug|Any CPU
		{C2FCD335-1112-4D21-BFD0-57D63B49A315}.Debug|Any CPU.Build.0 = Debug|Any CPU
		{C2FCD335-1112-4D21-BFD0-57D63B49A315}.Release|Any CPU.ActiveCfg = Release|Any CPU
		{C2FCD335-1112-4D21-BFD0-57D63B49A315}.Release|Any CPU.Build.0 = Release|Any CPU
	EndGlobalSection
	GlobalSection(SolutionProperties) = preSolution
		HideSolutionNode = FALSE
	EndGlobalSection
	GlobalSection(ExtensibilityGlobals) = postSolution
		SolutionGuid = {184023FF-6933-4727-BC15-92602652F082}
	EndGlobalSection
EndGlobal
