
Microsoft Visual Studio Solution File, Format Version 12.00
# Visual Studio Version 16
VisualStudioVersion = 16.0.29709.97
MinimumVisualStudioVersion = 10.0.40219.1
Project("{FAE04EC0-301F-11D3-BF4B-00C04F79EFBC}") = "BankingApp", "BankingApp\BankingApp.csproj", "{F0D70BE7-412C-4588-BBE0-F91DD6D8662B}"
EndProject
Global
	GlobalSection(SolutionConfigurationPlatforms) = preSolution
		Debug|Any CPU = Debug|Any CPU
		Release|Any CPU = Release|Any CPU
	EndGlobalSection
	GlobalSection(ProjectConfigurationPlatforms) = postSolution
		{F0D70BE7-412C-4588-BBE0-F91DD6D8662B}.Debug|Any CPU.ActiveCfg = Debug|Any CPU
		{F0D70BE7-412C-4588-BBE0-F91DD6D8662B}.Debug|Any CPU.Build.0 = Debug|Any CPU
		{F0D70BE7-412C-4588-BBE0-F91DD6D8662B}.Release|Any CPU.ActiveCfg = Release|Any CPU
		{F0D70BE7-412C-4588-BBE0-F91DD6D8662B}.Release|Any CPU.Build.0 = Release|Any CPU
	EndGlobalSection
	GlobalSection(SolutionProperties) = preSolution
		HideSolutionNode = FALSE
	EndGlobalSection
	GlobalSection(ExtensibilityGlobals) = postSolution
		SolutionGuid = {0500387B-E6A5-45D3-9F9A-65B07CF47938}
	EndGlobalSection
EndGlobal
