
Microsoft Visual Studio Solution File, Format Version 12.00
# Visual Studio Version 16
VisualStudioVersion = 16.0.29709.97
MinimumVisualStudioVersion = 10.0.40219.1
Project("{FAE04EC0-301F-11D3-BF4B-00C04F79EFBC}") = "NullableTypes", "NullableTypes\NullableTypes.csproj", "{F223D971-CAAD-405E-AC28-F7C8A21AE328}"
EndProject
Global
	GlobalSection(SolutionConfigurationPlatforms) = preSolution
		Debug|Any CPU = Debug|Any CPU
		Release|Any CPU = Release|Any CPU
	EndGlobalSection
	GlobalSection(ProjectConfigurationPlatforms) = postSolution
		{F223D971-CAAD-405E-AC28-F7C8A21AE328}.Debug|Any CPU.ActiveCfg = Debug|Any CPU
		{F223D971-CAAD-405E-AC28-F7C8A21AE328}.Debug|Any CPU.Build.0 = Debug|Any CPU
		{F223D971-CAAD-405E-AC28-F7C8A21AE328}.Release|Any CPU.ActiveCfg = Release|Any CPU
		{F223D971-CAAD-405E-AC28-F7C8A21AE328}.Release|Any CPU.Build.0 = Release|Any CPU
	EndGlobalSection
	GlobalSection(SolutionProperties) = preSolution
		HideSolutionNode = FALSE
	EndGlobalSection
	GlobalSection(ExtensibilityGlobals) = postSolution
		SolutionGuid = {12010C11-D359-44F6-A105-752860C2976F}
	EndGlobalSection
EndGlobal
