
Microsoft Visual Studio Solution File, Format Version 12.00
# Visual Studio 2012
Project("{FAE04EC0-301F-11D3-BF4B-00C04F79EFBC}") = "ClassesAggregationCards", "ClassesAggregationCards\ClassesAggregationCards.csproj", "{7475C442-7218-4317-A24B-4A2D3BAAA428}"
EndProject
Global
	GlobalSection(SolutionConfigurationPlatforms) = preSolution
		Debug|Any CPU = Debug|Any CPU
		Release|Any CPU = Release|Any CPU
	EndGlobalSection
	GlobalSection(ProjectConfigurationPlatforms) = postSolution
		{7475C442-7218-4317-A24B-4A2D3BAAA428}.Debug|Any CPU.ActiveCfg = Debug|Any CPU
		{7475C442-7218-4317-A24B-4A2D3BAAA428}.Debug|Any CPU.Build.0 = Debug|Any CPU
		{7475C442-7218-4317-A24B-4A2D3BAAA428}.Release|Any CPU.ActiveCfg = Release|Any CPU
		{7475C442-7218-4317-A24B-4A2D3BAAA428}.Release|Any CPU.Build.0 = Release|Any CPU
	EndGlobalSection
	GlobalSection(SolutionProperties) = preSolution
		HideSolutionNode = FALSE
	EndGlobalSection
EndGlobal
