
Microsoft Visual Studio Solution File, Format Version 12.00
# Visual Studio Version 16
VisualStudioVersion = 16.0.29709.97
MinimumVisualStudioVersion = 10.0.40219.1
Project("{FAE04EC0-301F-11D3-BF4B-00C04F79EFBC}") = "LINQTtSQL", "LINQTtSQL\LINQTtSQL.csproj", "{B4AD0E58-6917-4EAC-9279-4AD9BA671424}"
EndProject
Global
	GlobalSection(SolutionConfigurationPlatforms) = preSolution
		Debug|Any CPU = Debug|Any CPU
		Release|Any CPU = Release|Any CPU
	EndGlobalSection
	GlobalSection(ProjectConfigurationPlatforms) = postSolution
		{B4AD0E58-6917-4EAC-9279-4AD9BA671424}.Debug|Any CPU.ActiveCfg = Debug|Any CPU
		{B4AD0E58-6917-4EAC-9279-4AD9BA671424}.Debug|Any CPU.Build.0 = Debug|Any CPU
		{B4AD0E58-6917-4EAC-9279-4AD9BA671424}.Release|Any CPU.ActiveCfg = Release|Any CPU
		{B4AD0E58-6917-4EAC-9279-4AD9BA671424}.Release|Any CPU.Build.0 = Release|Any CPU
	EndGlobalSection
	GlobalSection(SolutionProperties) = preSolution
		HideSolutionNode = FALSE
	EndGlobalSection
	GlobalSection(ExtensibilityGlobals) = postSolution
		SolutionGuid = {0F6BF6BB-14AD-42CC-AE41-451863ABAC81}
	EndGlobalSection
EndGlobal
