
Microsoft Visual Studio Solution File, Format Version 12.00
# Visual Studio Version 16
VisualStudioVersion = 16.0.29519.87
MinimumVisualStudioVersion = 10.0.40219.1
Project("{FAE04EC0-301F-11D3-BF4B-00C04F79EFBC}") = "Conversions", "Conversions\Conversions.csproj", "{8138B3A8-498B-4D64-9E45-AA94D91F62F5}"
EndProject
Global
	GlobalSection(SolutionConfigurationPlatforms) = preSolution
		Debug|Any CPU = Debug|Any CPU
		Release|Any CPU = Release|Any CPU
	EndGlobalSection
	GlobalSection(ProjectConfigurationPlatforms) = postSolution
		{8138B3A8-498B-4D64-9E45-AA94D91F62F5}.Debug|Any CPU.ActiveCfg = Debug|Any CPU
		{8138B3A8-498B-4D64-9E45-AA94D91F62F5}.Debug|Any CPU.Build.0 = Debug|Any CPU
		{8138B3A8-498B-4D64-9E45-AA94D91F62F5}.Release|Any CPU.ActiveCfg = Release|Any CPU
		{8138B3A8-498B-4D64-9E45-AA94D91F62F5}.Release|Any CPU.Build.0 = Release|Any CPU
	EndGlobalSection
	GlobalSection(SolutionProperties) = preSolution
		HideSolutionNode = FALSE
	EndGlobalSection
	GlobalSection(ExtensibilityGlobals) = postSolution
		SolutionGuid = {1AEE3E98-9462-4290-A5FB-6303206C181F}
	EndGlobalSection
EndGlobal
