
Microsoft Visual Studio Solution File, Format Version 12.00
# Visual Studio Version 16
VisualStudioVersion = 16.0.29709.97
MinimumVisualStudioVersion = 10.0.40219.1
Project("{FAE04EC0-301F-11D3-BF4B-00C04F79EFBC}") = "Day9Exercise", "Day9Exercise\Day9Exercise.csproj", "{C50011E4-F200-4745-AC71-1544A9395052}"
EndProject
Project("{FAE04EC0-301F-11D3-BF4B-00C04F79EFBC}") = "Customers", "Customers\Customers.csproj", "{02E4A6F6-DBA3-4A8F-A1CD-54A0B8C87190}"
EndProject
Global
	GlobalSection(SolutionConfigurationPlatforms) = preSolution
		Debug|Any CPU = Debug|Any CPU
		Release|Any CPU = Release|Any CPU
	EndGlobalSection
	GlobalSection(ProjectConfigurationPlatforms) = postSolution
		{C50011E4-F200-4745-AC71-1544A9395052}.Debug|Any CPU.ActiveCfg = Debug|Any CPU
		{C50011E4-F200-4745-AC71-1544A9395052}.Debug|Any CPU.Build.0 = Debug|Any CPU
		{C50011E4-F200-4745-AC71-1544A9395052}.Release|Any CPU.ActiveCfg = Release|Any CPU
		{C50011E4-F200-4745-AC71-1544A9395052}.Release|Any CPU.Build.0 = Release|Any CPU
		{02E4A6F6-DBA3-4A8F-A1CD-54A0B8C87190}.Debug|Any CPU.ActiveCfg = Debug|Any CPU
		{02E4A6F6-DBA3-4A8F-A1CD-54A0B8C87190}.Debug|Any CPU.Build.0 = Debug|Any CPU
		{02E4A6F6-DBA3-4A8F-A1CD-54A0B8C87190}.Release|Any CPU.ActiveCfg = Release|Any CPU
		{02E4A6F6-DBA3-4A8F-A1CD-54A0B8C87190}.Release|Any CPU.Build.0 = Release|Any CPU
	EndGlobalSection
	GlobalSection(SolutionProperties) = preSolution
		HideSolutionNode = FALSE
	EndGlobalSection
	GlobalSection(ExtensibilityGlobals) = postSolution
		SolutionGuid = {7F5533D1-1AE5-496F-8D67-85AF5F4CA892}
	EndGlobalSection
EndGlobal
